
Microsoft Visual Studio Solution File, Format Version 12.00
# Visual Studio Version 16
VisualStudioVersion = 16.0.30503.244
MinimumVisualStudioVersion = 10.0.40219.1
Project("{FAE04EC0-301F-11D3-BF4B-00C04F79EFBC}") = "NotezAPI", "NotezAPI\NotezAPI.csproj", "{D640709E-0EB3-4269-BBE3-655C0E6A7E92}"
EndProject
Global
	GlobalSection(SolutionConfigurationPlatforms) = preSolution
		Debug|Any CPU = Debug|Any CPU
		Release|Any CPU = Release|Any CPU
	EndGlobalSection
	GlobalSection(ProjectConfigurationPlatforms) = postSolution
		{D640709E-0EB3-4269-BBE3-655C0E6A7E92}.Debug|Any CPU.ActiveCfg = Debug|Any CPU
		{D640709E-0EB3-4269-BBE3-655C0E6A7E92}.Debug|Any CPU.Build.0 = Debug|Any CPU
		{D640709E-0EB3-4269-BBE3-655C0E6A7E92}.Release|Any CPU.ActiveCfg = Release|Any CPU
		{D640709E-0EB3-4269-BBE3-655C0E6A7E92}.Release|Any CPU.Build.0 = Release|Any CPU
	EndGlobalSection
	GlobalSection(SolutionProperties) = preSolution
		HideSolutionNode = FALSE
	EndGlobalSection
	GlobalSection(ExtensibilityGlobals) = postSolution
		SolutionGuid = {C8BF5294-B145-45E4-968B-1D8E5B013B85}
	EndGlobalSection
EndGlobal
